
Microsoft Visual Studio Solution File, Format Version 12.00
# Visual Studio 15
VisualStudioVersion = 15.0.28307.902
MinimumVisualStudioVersion = 10.0.40219.1
Project("{FAE04EC0-301F-11D3-BF4B-00C04F79EFBC}") = "Library_WebApp", "Library_WebApp\Library_WebApp.csproj", "{C888229B-30C3-433C-AE41-82B55071AEF2}"
EndProject
Global
	GlobalSection(SolutionConfigurationPlatforms) = preSolution
		Debug|Any CPU = Debug|Any CPU
		Release|Any CPU = Release|Any CPU
	EndGlobalSection
	GlobalSection(ProjectConfigurationPlatforms) = postSolution
		{C888229B-30C3-433C-AE41-82B55071AEF2}.Debug|Any CPU.ActiveCfg = Debug|Any CPU
		{C888229B-30C3-433C-AE41-82B55071AEF2}.Debug|Any CPU.Build.0 = Debug|Any CPU
		{C888229B-30C3-433C-AE41-82B55071AEF2}.Release|Any CPU.ActiveCfg = Release|Any CPU
		{C888229B-30C3-433C-AE41-82B55071AEF2}.Release|Any CPU.Build.0 = Release|Any CPU
	EndGlobalSection
	GlobalSection(SolutionProperties) = preSolution
		HideSolutionNode = FALSE
	EndGlobalSection
	GlobalSection(ExtensibilityGlobals) = postSolution
		SolutionGuid = {278BCCBB-1867-4D85-A6F0-8B7019E4077E}
	EndGlobalSection
EndGlobal
